{
  "originHash" : "f8b4d809d4bc0e937cbd95af9b97848601e6888cac97dad999943b204d260ed7",
  "pins" : [
    {
      "identity" : "hybridcolor",
      "kind" : "remoteSourceControl",
      "location" : "https://github.com/sentryco/HybridColor",
      "state" : {
        "branch" : "main",
        "revision" : "08310836ed7a7c36c9cc9955f62c2befbf6084e0"
      }
    }
  ],
  "version" : 3
}
