{
  "originHash" : "3f064c3ff2610aa62a0cdd02c2330a803a4b7e83f9bddc499506d4df75a12967",
  "pins" : [
    {
      "identity" : "hybridcolor",
      "kind" : "remoteSourceControl",
      "location" : "https://github.com/sentryco/HybridColor",
      "state" : {
        "branch" : "main",
        "revision" : "6592be98979ff0201e94f0b7a29e98f3c292715b"
      }
    },
    {
      "identity" : "splitviewkit",
      "kind" : "remoteSourceControl",
      "location" : "https://github.com/sentryco/SplitViewKit",
      "state" : {
        "branch" : "main",
        "revision" : "397b4ba356636c34b7c494a1d5a370b52f9252fd"
      }
    }
  ],
  "version" : 3
}
