// !$*UTF8*$!
{
	archiveVersion = 1;
	classes = {
	};
	objectVersion = 56;
	objects = {

/* Begin PBXBuildFile section */
		F13FE4CA2CC469290039CC7B /* SideBarModel.swift in Sources */ = {isa = PBXBuildFile; fileRef = F13FE4C92CC469290039CC7B /* SideBarModel.swift */; };
		F13FE4CC2CC4694F0039CC7B /* MainModel.swift in Sources */ = {isa = PBXBuildFile; fileRef = F13FE4CB2CC4694F0039CC7B /* MainModel.swift */; };
		F13FE4CF2CC46CED0039CC7B /* SideBarModel+Getter.swift in Sources */ = {isa = PBXBuildFile; fileRef = F13FE4CE2CC46CED0039CC7B /* SideBarModel+Getter.swift */; };
		F13FE4D12CC46EAA0039CC7B /* SideBarModel+Const.swift in Sources */ = {isa = PBXBuildFile; fileRef = F13FE4D02CC46EAA0039CC7B /* SideBarModel+Const.swift */; };
		F14DAD1E2CBD7C6300B6F3FD /* ExampleProjectApp.swift in Sources */ = {isa = PBXBuildFile; fileRef = F14DAD1D2CBD7C6300B6F3FD /* ExampleProjectApp.swift */; };
		F14DAD222CBD7C6400B6F3FD /* Assets.xcassets in Resources */ = {isa = PBXBuildFile; fileRef = F14DAD212CBD7C6400B6F3FD /* Assets.xcassets */; };
		F14DAD252CBD7C6400B6F3FD /* Preview Assets.xcassets in Resources */ = {isa = PBXBuildFile; fileRef = F14DAD242CBD7C6400B6F3FD /* Preview Assets.xcassets */; };
		F1E583342CC4149E00A59A2B /* SplitViewKit in Frameworks */ = {isa = PBXBuildFile; productRef = F1E583332CC4149E00A59A2B /* SplitViewKit */; };
		F1E5835A2CC416E800A59A2B /* DataModel.swift in Sources */ = {isa = PBXBuildFile; fileRef = F1E583352CC416E800A59A2B /* DataModel.swift */; };
		F1E5835C2CC416E800A59A2B /* DataModel+Getter.swift in Sources */ = {isa = PBXBuildFile; fileRef = F1E583372CC416E800A59A2B /* DataModel+Getter.swift */; };
		F1E5835D2CC416E800A59A2B /* DataModel+Hashable.swift in Sources */ = {isa = PBXBuildFile; fileRef = F1E583382CC416E800A59A2B /* DataModel+Hashable.swift */; };
		F1E5835E2CC416E800A59A2B /* DetailHeader.swift in Sources */ = {isa = PBXBuildFile; fileRef = F1E5833A2CC416E800A59A2B /* DetailHeader.swift */; };
		F1E5835F2CC416E800A59A2B /* DetailHeader+Content.swift in Sources */ = {isa = PBXBuildFile; fileRef = F1E5833B2CC416E800A59A2B /* DetailHeader+Content.swift */; };
		F1E583602CC416E800A59A2B /* DetailView.swift in Sources */ = {isa = PBXBuildFile; fileRef = F1E5833D2CC416E800A59A2B /* DetailView.swift */; };
		F1E583612CC416E800A59A2B /* DetailView+Content.swift in Sources */ = {isa = PBXBuildFile; fileRef = F1E5833E2CC416E800A59A2B /* DetailView+Content.swift */; };
		F1E583622CC416E800A59A2B /* MainHeader.swift in Sources */ = {isa = PBXBuildFile; fileRef = F1E583402CC416E800A59A2B /* MainHeader.swift */; };
		F1E583632CC416E800A59A2B /* MainHeader+Content.swift in Sources */ = {isa = PBXBuildFile; fileRef = F1E583412CC416E800A59A2B /* MainHeader+Content.swift */; };
		F1E583642CC416E800A59A2B /* MainHeader+Preview.swift in Sources */ = {isa = PBXBuildFile; fileRef = F1E583422CC416E800A59A2B /* MainHeader+Preview.swift */; };
		F1E583662CC416E800A59A2B /* MainView.swift in Sources */ = {isa = PBXBuildFile; fileRef = F1E583462CC416E800A59A2B /* MainView.swift */; };
		F1E583672CC416E800A59A2B /* MainView+Content.swift in Sources */ = {isa = PBXBuildFile; fileRef = F1E583472CC416E800A59A2B /* MainView+Content.swift */; };
		F1E583682CC416E800A59A2B /* MainView+Preview.swift in Sources */ = {isa = PBXBuildFile; fileRef = F1E583482CC416E800A59A2B /* MainView+Preview.swift */; };
		F1E583692CC416E800A59A2B /* ListButtonStyle.swift in Sources */ = {isa = PBXBuildFile; fileRef = F1E5834A2CC416E800A59A2B /* ListButtonStyle.swift */; };
		F1E5836A2CC416E800A59A2B /* SideBarHeader.swift in Sources */ = {isa = PBXBuildFile; fileRef = F1E5834C2CC416E800A59A2B /* SideBarHeader.swift */; };
		F1E5836B2CC416E800A59A2B /* SideBarHeader+Content.swift in Sources */ = {isa = PBXBuildFile; fileRef = F1E5834D2CC416E800A59A2B /* SideBarHeader+Content.swift */; };
		F1E5836C2CC416E800A59A2B /* SideBarHeader+Preview.swift in Sources */ = {isa = PBXBuildFile; fileRef = F1E5834E2CC416E800A59A2B /* SideBarHeader+Preview.swift */; };
		F1E5836D2CC416E800A59A2B /* SideBarView.swift in Sources */ = {isa = PBXBuildFile; fileRef = F1E583502CC416E800A59A2B /* SideBarView.swift */; };
		F1E5836E2CC416E800A59A2B /* SideBarView+Content.swift in Sources */ = {isa = PBXBuildFile; fileRef = F1E583512CC416E800A59A2B /* SideBarView+Content.swift */; };
		F1E5836F2CC416E800A59A2B /* SideBarView+Preview.swift in Sources */ = {isa = PBXBuildFile; fileRef = F1E583522CC416E800A59A2B /* SideBarView+Preview.swift */; };
		F1E583702CC416E800A59A2B /* ExampleView.swift in Sources */ = {isa = PBXBuildFile; fileRef = F1E583552CC416E800A59A2B /* ExampleView.swift */; };
		F1E583712CC416E800A59A2B /* ExampleView+Content.swift in Sources */ = {isa = PBXBuildFile; fileRef = F1E583562CC416E800A59A2B /* ExampleView+Content.swift */; };
		F1E583722CC416E800A59A2B /* ExampleView+Getter.swift in Sources */ = {isa = PBXBuildFile; fileRef = F1E583572CC416E800A59A2B /* ExampleView+Getter.swift */; };
		F1E583732CC416E800A59A2B /* ExampleView+Preview.swift in Sources */ = {isa = PBXBuildFile; fileRef = F1E583582CC416E800A59A2B /* ExampleView+Preview.swift */; };
		F1E583762CC41DCD00A59A2B /* ActionButtonStyle.swift in Sources */ = {isa = PBXBuildFile; fileRef = F1E583752CC41DCD00A59A2B /* ActionButtonStyle.swift */; };
		F1E583782CC4215000A59A2B /* TitleTextStyle.swift in Sources */ = {isa = PBXBuildFile; fileRef = F1E583772CC4215000A59A2B /* TitleTextStyle.swift */; };
		F1E5837B2CC4240200A59A2B /* MainList.swift in Sources */ = {isa = PBXBuildFile; fileRef = F1E5837A2CC4240200A59A2B /* MainList.swift */; };
		F1E5837D2CC4264800A59A2B /* MainList+Content.swift in Sources */ = {isa = PBXBuildFile; fileRef = F1E5837C2CC4264800A59A2B /* MainList+Content.swift */; };
		F1E583802CC4284800A59A2B /* SideBarList.swift in Sources */ = {isa = PBXBuildFile; fileRef = F1E5837F2CC4284800A59A2B /* SideBarList.swift */; };
		F1E583822CC4294100A59A2B /* SideBarList+Content.swift in Sources */ = {isa = PBXBuildFile; fileRef = F1E583812CC4294100A59A2B /* SideBarList+Content.swift */; };
		F1E583852CC42DED00A59A2B /* DetailList.swift in Sources */ = {isa = PBXBuildFile; fileRef = F1E583842CC42DED00A59A2B /* DetailList.swift */; };
		F1E583872CC430E800A59A2B /* DetailList+Content.swift in Sources */ = {isa = PBXBuildFile; fileRef = F1E583862CC430E800A59A2B /* DetailList+Content.swift */; };
/* End PBXBuildFile section */

/* Begin PBXFileReference section */
		F13FE4C92CC469290039CC7B /* SideBarModel.swift */ = {isa = PBXFileReference; lastKnownFileType = sourcecode.swift; path = SideBarModel.swift; sourceTree = "<group>"; };
		F13FE4CB2CC4694F0039CC7B /* MainModel.swift */ = {isa = PBXFileReference; lastKnownFileType = sourcecode.swift; path = MainModel.swift; sourceTree = "<group>"; };
		F13FE4CE2CC46CED0039CC7B /* SideBarModel+Getter.swift */ = {isa = PBXFileReference; lastKnownFileType = sourcecode.swift; path = "SideBarModel+Getter.swift"; sourceTree = "<group>"; };
		F13FE4D02CC46EAA0039CC7B /* SideBarModel+Const.swift */ = {isa = PBXFileReference; lastKnownFileType = sourcecode.swift; path = "SideBarModel+Const.swift"; sourceTree = "<group>"; };
		F14DAD1A2CBD7C6300B6F3FD /* ExampleProject.app */ = {isa = PBXFileReference; explicitFileType = wrapper.application; includeInIndex = 0; path = ExampleProject.app; sourceTree = BUILT_PRODUCTS_DIR; };
		F14DAD1D2CBD7C6300B6F3FD /* ExampleProjectApp.swift */ = {isa = PBXFileReference; lastKnownFileType = sourcecode.swift; path = ExampleProjectApp.swift; sourceTree = "<group>"; };
		F14DAD212CBD7C6400B6F3FD /* Assets.xcassets */ = {isa = PBXFileReference; lastKnownFileType = folder.assetcatalog; path = Assets.xcassets; sourceTree = "<group>"; };
		F14DAD242CBD7C6400B6F3FD /* Preview Assets.xcassets */ = {isa = PBXFileReference; lastKnownFileType = folder.assetcatalog; path = "Preview Assets.xcassets"; sourceTree = "<group>"; };
		F14DAD2E2CBECF8F00B6F3FD /* Info.plist */ = {isa = PBXFileReference; lastKnownFileType = text.plist; path = Info.plist; sourceTree = "<group>"; };
		F1E583352CC416E800A59A2B /* DataModel.swift */ = {isa = PBXFileReference; fileEncoding = 4; lastKnownFileType = sourcecode.swift; path = DataModel.swift; sourceTree = "<group>"; };
		F1E583372CC416E800A59A2B /* DataModel+Getter.swift */ = {isa = PBXFileReference; fileEncoding = 4; lastKnownFileType = sourcecode.swift; path = "DataModel+Getter.swift"; sourceTree = "<group>"; };
		F1E583382CC416E800A59A2B /* DataModel+Hashable.swift */ = {isa = PBXFileReference; fileEncoding = 4; lastKnownFileType = sourcecode.swift; path = "DataModel+Hashable.swift"; sourceTree = "<group>"; };
		F1E5833A2CC416E800A59A2B /* DetailHeader.swift */ = {isa = PBXFileReference; fileEncoding = 4; lastKnownFileType = sourcecode.swift; path = DetailHeader.swift; sourceTree = "<group>"; };
		F1E5833B2CC416E800A59A2B /* DetailHeader+Content.swift */ = {isa = PBXFileReference; fileEncoding = 4; lastKnownFileType = sourcecode.swift; path = "DetailHeader+Content.swift"; sourceTree = "<group>"; };
		F1E5833D2CC416E800A59A2B /* DetailView.swift */ = {isa = PBXFileReference; fileEncoding = 4; lastKnownFileType = sourcecode.swift; path = DetailView.swift; sourceTree = "<group>"; };
		F1E5833E2CC416E800A59A2B /* DetailView+Content.swift */ = {isa = PBXFileReference; fileEncoding = 4; lastKnownFileType = sourcecode.swift; path = "DetailView+Content.swift"; sourceTree = "<group>"; };
		F1E583402CC416E800A59A2B /* MainHeader.swift */ = {isa = PBXFileReference; fileEncoding = 4; lastKnownFileType = sourcecode.swift; path = MainHeader.swift; sourceTree = "<group>"; };
		F1E583412CC416E800A59A2B /* MainHeader+Content.swift */ = {isa = PBXFileReference; fileEncoding = 4; lastKnownFileType = sourcecode.swift; path = "MainHeader+Content.swift"; sourceTree = "<group>"; };
		F1E583422CC416E800A59A2B /* MainHeader+Preview.swift */ = {isa = PBXFileReference; fileEncoding = 4; lastKnownFileType = sourcecode.swift; path = "MainHeader+Preview.swift"; sourceTree = "<group>"; };
		F1E583462CC416E800A59A2B /* MainView.swift */ = {isa = PBXFileReference; fileEncoding = 4; lastKnownFileType = sourcecode.swift; path = MainView.swift; sourceTree = "<group>"; };
		F1E583472CC416E800A59A2B /* MainView+Content.swift */ = {isa = PBXFileReference; fileEncoding = 4; lastKnownFileType = sourcecode.swift; path = "MainView+Content.swift"; sourceTree = "<group>"; };
		F1E583482CC416E800A59A2B /* MainView+Preview.swift */ = {isa = PBXFileReference; fileEncoding = 4; lastKnownFileType = sourcecode.swift; path = "MainView+Preview.swift"; sourceTree = "<group>"; };
		F1E5834A2CC416E800A59A2B /* ListButtonStyle.swift */ = {isa = PBXFileReference; fileEncoding = 4; lastKnownFileType = sourcecode.swift; path = ListButtonStyle.swift; sourceTree = "<group>"; };
		F1E5834C2CC416E800A59A2B /* SideBarHeader.swift */ = {isa = PBXFileReference; fileEncoding = 4; lastKnownFileType = sourcecode.swift; path = SideBarHeader.swift; sourceTree = "<group>"; };
		F1E5834D2CC416E800A59A2B /* SideBarHeader+Content.swift */ = {isa = PBXFileReference; fileEncoding = 4; lastKnownFileType = sourcecode.swift; path = "SideBarHeader+Content.swift"; sourceTree = "<group>"; };
		F1E5834E2CC416E800A59A2B /* SideBarHeader+Preview.swift */ = {isa = PBXFileReference; fileEncoding = 4; lastKnownFileType = sourcecode.swift; path = "SideBarHeader+Preview.swift"; sourceTree = "<group>"; };
		F1E583502CC416E800A59A2B /* SideBarView.swift */ = {isa = PBXFileReference; fileEncoding = 4; lastKnownFileType = sourcecode.swift; path = SideBarView.swift; sourceTree = "<group>"; };
		F1E583512CC416E800A59A2B /* SideBarView+Content.swift */ = {isa = PBXFileReference; fileEncoding = 4; lastKnownFileType = sourcecode.swift; path = "SideBarView+Content.swift"; sourceTree = "<group>"; };
		F1E583522CC416E800A59A2B /* SideBarView+Preview.swift */ = {isa = PBXFileReference; fileEncoding = 4; lastKnownFileType = sourcecode.swift; path = "SideBarView+Preview.swift"; sourceTree = "<group>"; };
		F1E583552CC416E800A59A2B /* ExampleView.swift */ = {isa = PBXFileReference; fileEncoding = 4; lastKnownFileType = sourcecode.swift; path = ExampleView.swift; sourceTree = "<group>"; };
		F1E583562CC416E800A59A2B /* ExampleView+Content.swift */ = {isa = PBXFileReference; fileEncoding = 4; lastKnownFileType = sourcecode.swift; path = "ExampleView+Content.swift"; sourceTree = "<group>"; };
		F1E583572CC416E800A59A2B /* ExampleView+Getter.swift */ = {isa = PBXFileReference; fileEncoding = 4; lastKnownFileType = sourcecode.swift; path = "ExampleView+Getter.swift"; sourceTree = "<group>"; };
		F1E583582CC416E800A59A2B /* ExampleView+Preview.swift */ = {isa = PBXFileReference; fileEncoding = 4; lastKnownFileType = sourcecode.swift; path = "ExampleView+Preview.swift"; sourceTree = "<group>"; };
		F1E583752CC41DCD00A59A2B /* ActionButtonStyle.swift */ = {isa = PBXFileReference; fileEncoding = 4; lastKnownFileType = sourcecode.swift; path = ActionButtonStyle.swift; sourceTree = "<group>"; };
		F1E583772CC4215000A59A2B /* TitleTextStyle.swift */ = {isa = PBXFileReference; lastKnownFileType = sourcecode.swift; path = TitleTextStyle.swift; sourceTree = "<group>"; };
		F1E5837A2CC4240200A59A2B /* MainList.swift */ = {isa = PBXFileReference; lastKnownFileType = sourcecode.swift; path = MainList.swift; sourceTree = "<group>"; };
		F1E5837C2CC4264800A59A2B /* MainList+Content.swift */ = {isa = PBXFileReference; lastKnownFileType = sourcecode.swift; path = "MainList+Content.swift"; sourceTree = "<group>"; };
		F1E5837F2CC4284800A59A2B /* SideBarList.swift */ = {isa = PBXFileReference; lastKnownFileType = sourcecode.swift; path = SideBarList.swift; sourceTree = "<group>"; };
		F1E583812CC4294100A59A2B /* SideBarList+Content.swift */ = {isa = PBXFileReference; lastKnownFileType = sourcecode.swift; path = "SideBarList+Content.swift"; sourceTree = "<group>"; };
		F1E583842CC42DED00A59A2B /* DetailList.swift */ = {isa = PBXFileReference; lastKnownFileType = sourcecode.swift; path = DetailList.swift; sourceTree = "<group>"; };
		F1E583862CC430E800A59A2B /* DetailList+Content.swift */ = {isa = PBXFileReference; lastKnownFileType = sourcecode.swift; path = "DetailList+Content.swift"; sourceTree = "<group>"; };
/* End PBXFileReference section */

/* Begin PBXFrameworksBuildPhase section */
		F14DAD172CBD7C6300B6F3FD /* Frameworks */ = {
			isa = PBXFrameworksBuildPhase;
			buildActionMask = 2147483647;
			files = (
				F1E583342CC4149E00A59A2B /* SplitViewKit in Frameworks */,
			);
			runOnlyForDeploymentPostprocessing = 0;
		};
/* End PBXFrameworksBuildPhase section */

/* Begin PBXGroup section */
		F13FE4C72CC4686C0039CC7B /* DataModel */ = {
			isa = PBXGroup;
			children = (
				F1E583352CC416E800A59A2B /* DataModel.swift */,
				F1E583372CC416E800A59A2B /* DataModel+Getter.swift */,
				F1E583382CC416E800A59A2B /* DataModel+Hashable.swift */,
			);
			path = DataModel;
			sourceTree = "<group>";
		};
		F13FE4CD2CC46B9E0039CC7B /* SideBarModel */ = {
			isa = PBXGroup;
			children = (
				F13FE4C92CC469290039CC7B /* SideBarModel.swift */,
				F13FE4D02CC46EAA0039CC7B /* SideBarModel+Const.swift */,
				F13FE4CE2CC46CED0039CC7B /* SideBarModel+Getter.swift */,
			);
			path = SideBarModel;
			sourceTree = "<group>";
		};
		F14DAD112CBD7C6300B6F3FD = {
			isa = PBXGroup;
			children = (
				F14DAD1C2CBD7C6300B6F3FD /* ExampleProject */,
				F14DAD1B2CBD7C6300B6F3FD /* Products */,
			);
			sourceTree = "<group>";
		};
		F14DAD1B2CBD7C6300B6F3FD /* Products */ = {
			isa = PBXGroup;
			children = (
				F14DAD1A2CBD7C6300B6F3FD /* ExampleProject.app */,
			);
			name = Products;
			sourceTree = "<group>";
		};
		F14DAD1C2CBD7C6300B6F3FD /* ExampleProject */ = {
			isa = PBXGroup;
			children = (
				F1E583592CC416E800A59A2B /* example */,
				F14DAD2E2CBECF8F00B6F3FD /* Info.plist */,
				F14DAD1D2CBD7C6300B6F3FD /* ExampleProjectApp.swift */,
				F14DAD212CBD7C6400B6F3FD /* Assets.xcassets */,
				F14DAD232CBD7C6400B6F3FD /* Preview Content */,
			);
			path = ExampleProject;
			sourceTree = "<group>";
		};
		F14DAD232CBD7C6400B6F3FD /* Preview Content */ = {
			isa = PBXGroup;
			children = (
				F14DAD242CBD7C6400B6F3FD /* Preview Assets.xcassets */,
			);
			path = "Preview Content";
			sourceTree = "<group>";
		};
		F1E583392CC416E800A59A2B /* model */ = {
			isa = PBXGroup;
			children = (
				F13FE4CD2CC46B9E0039CC7B /* SideBarModel */,
				F13FE4CB2CC4694F0039CC7B /* MainModel.swift */,
				F13FE4C72CC4686C0039CC7B /* DataModel */,
			);
			path = model;
			sourceTree = "<group>";
		};
		F1E5833C2CC416E800A59A2B /* DetailHeader */ = {
			isa = PBXGroup;
			children = (
				F1E5833A2CC416E800A59A2B /* DetailHeader.swift */,
				F1E5833B2CC416E800A59A2B /* DetailHeader+Content.swift */,
			);
			path = DetailHeader;
			sourceTree = "<group>";
		};
		F1E5833F2CC416E800A59A2B /* detail */ = {
			isa = PBXGroup;
			children = (
				F1E5833C2CC416E800A59A2B /* DetailHeader */,
				F1E583832CC42DDA00A59A2B /* DetailList */,
				F1E5833E2CC416E800A59A2B /* DetailView+Content.swift */,
				F1E5833D2CC416E800A59A2B /* DetailView.swift */,
			);
			path = detail;
			sourceTree = "<group>";
		};
		F1E583432CC416E800A59A2B /* MainHeader */ = {
			isa = PBXGroup;
			children = (
				F1E583402CC416E800A59A2B /* MainHeader.swift */,
				F1E583412CC416E800A59A2B /* MainHeader+Content.swift */,
				F1E583422CC416E800A59A2B /* MainHeader+Preview.swift */,
			);
			path = MainHeader;
			sourceTree = "<group>";
		};
		F1E583492CC416E800A59A2B /* main */ = {
			isa = PBXGroup;
			children = (
				F1E583792CC423E700A59A2B /* MainList */,
				F1E583432CC416E800A59A2B /* MainHeader */,
				F1E583462CC416E800A59A2B /* MainView.swift */,
				F1E583472CC416E800A59A2B /* MainView+Content.swift */,
				F1E583482CC416E800A59A2B /* MainView+Preview.swift */,
			);
			path = main;
			sourceTree = "<group>";
		};
		F1E5834F2CC416E800A59A2B /* SideBarHeader */ = {
			isa = PBXGroup;
			children = (
				F1E5834C2CC416E800A59A2B /* SideBarHeader.swift */,
				F1E5834D2CC416E800A59A2B /* SideBarHeader+Content.swift */,
				F1E5834E2CC416E800A59A2B /* SideBarHeader+Preview.swift */,
			);
			path = SideBarHeader;
			sourceTree = "<group>";
		};
		F1E583532CC416E800A59A2B /* sidebar */ = {
			isa = PBXGroup;
			children = (
				F1E5837E2CC4283D00A59A2B /* SideBarList */,
				F1E5834F2CC416E800A59A2B /* SideBarHeader */,
				F1E583502CC416E800A59A2B /* SideBarView.swift */,
				F1E583512CC416E800A59A2B /* SideBarView+Content.swift */,
				F1E583522CC416E800A59A2B /* SideBarView+Preview.swift */,
			);
			path = sidebar;
			sourceTree = "<group>";
		};
		F1E583542CC416E800A59A2B /* view */ = {
			isa = PBXGroup;
			children = (
				F1E5833F2CC416E800A59A2B /* detail */,
				F1E583492CC416E800A59A2B /* main */,
				F1E583532CC416E800A59A2B /* sidebar */,
			);
			path = view;
			sourceTree = "<group>";
		};
		F1E583592CC416E800A59A2B /* example */ = {
			isa = PBXGroup;
			children = (
				F1E583742CC418E000A59A2B /* style */,
				F1E583392CC416E800A59A2B /* model */,
				F1E583542CC416E800A59A2B /* view */,
				F1E583552CC416E800A59A2B /* ExampleView.swift */,
				F1E583562CC416E800A59A2B /* ExampleView+Content.swift */,
				F1E583572CC416E800A59A2B /* ExampleView+Getter.swift */,
				F1E583582CC416E800A59A2B /* ExampleView+Preview.swift */,
			);
			path = example;
			sourceTree = "<group>";
		};
		F1E583742CC418E000A59A2B /* style */ = {
			isa = PBXGroup;
			children = (
				F1E5834A2CC416E800A59A2B /* ListButtonStyle.swift */,
				F1E583752CC41DCD00A59A2B /* ActionButtonStyle.swift */,
				F1E583772CC4215000A59A2B /* TitleTextStyle.swift */,
			);
			path = style;
			sourceTree = "<group>";
		};
		F1E583792CC423E700A59A2B /* MainList */ = {
			isa = PBXGroup;
			children = (
				F1E5837A2CC4240200A59A2B /* MainList.swift */,
				F1E5837C2CC4264800A59A2B /* MainList+Content.swift */,
			);
			path = MainList;
			sourceTree = "<group>";
		};
		F1E5837E2CC4283D00A59A2B /* SideBarList */ = {
			isa = PBXGroup;
			children = (
				F1E5837F2CC4284800A59A2B /* SideBarList.swift */,
				F1E583812CC4294100A59A2B /* SideBarList+Content.swift */,
			);
			path = SideBarList;
			sourceTree = "<group>";
		};
		F1E583832CC42DDA00A59A2B /* DetailList */ = {
			isa = PBXGroup;
			children = (
				F1E583842CC42DED00A59A2B /* DetailList.swift */,
				F1E583862CC430E800A59A2B /* DetailList+Content.swift */,
			);
			path = DetailList;
			sourceTree = "<group>";
		};
/* End PBXGroup section */

/* Begin PBXNativeTarget section */
		F14DAD192CBD7C6300B6F3FD /* ExampleProject */ = {
			isa = PBXNativeTarget;
			buildConfigurationList = F14DAD282CBD7C6400B6F3FD /* Build configuration list for PBXNativeTarget "ExampleProject" */;
			buildPhases = (
				F14DAD162CBD7C6300B6F3FD /* Sources */,
				F14DAD172CBD7C6300B6F3FD /* Frameworks */,
				F14DAD182CBD7C6300B6F3FD /* Resources */,
			);
			buildRules = (
			);
			dependencies = (
			);
			name = ExampleProject;
			packageProductDependencies = (
				F1E583332CC4149E00A59A2B /* SplitViewKit */,
			);
			productName = ExampleProject;
			productReference = F14DAD1A2CBD7C6300B6F3FD /* ExampleProject.app */;
			productType = "com.apple.product-type.application";
		};
/* End PBXNativeTarget section */

/* Begin PBXProject section */
		F14DAD122CBD7C6300B6F3FD /* Project object */ = {
			isa = PBXProject;
			attributes = {
				BuildIndependentTargetsInParallel = 1;
				LastSwiftUpdateCheck = 1540;
				LastUpgradeCheck = 1540;
				TargetAttributes = {
					F14DAD192CBD7C6300B6F3FD = {
						CreatedOnToolsVersion = 15.4;
					};
				};
			};
			buildConfigurationList = F14DAD152CBD7C6300B6F3FD /* Build configuration list for PBXProject "ExampleProject" */;
			compatibilityVersion = "Xcode 14.0";
			developmentRegion = en;
			hasScannedForEncodings = 0;
			knownRegions = (
				en,
				Base,
			);
			mainGroup = F14DAD112CBD7C6300B6F3FD;
			packageReferences = (
				F1E583322CC4149E00A59A2B /* XCRemoteSwiftPackageReference "SplitViewKit" */,
			);
			productRefGroup = F14DAD1B2CBD7C6300B6F3FD /* Products */;
			projectDirPath = "";
			projectRoot = "";
			targets = (
				F14DAD192CBD7C6300B6F3FD /* ExampleProject */,
			);
		};
/* End PBXProject section */

/* Begin PBXResourcesBuildPhase section */
		F14DAD182CBD7C6300B6F3FD /* Resources */ = {
			isa = PBXResourcesBuildPhase;
			buildActionMask = 2147483647;
			files = (
				F14DAD252CBD7C6400B6F3FD /* Preview Assets.xcassets in Resources */,
				F14DAD222CBD7C6400B6F3FD /* Assets.xcassets in Resources */,
			);
			runOnlyForDeploymentPostprocessing = 0;
		};
/* End PBXResourcesBuildPhase section */

/* Begin PBXSourcesBuildPhase section */
		F14DAD162CBD7C6300B6F3FD /* Sources */ = {
			isa = PBXSourcesBuildPhase;
			buildActionMask = 2147483647;
			files = (
				F1E583872CC430E800A59A2B /* DetailList+Content.swift in Sources */,
				F1E583762CC41DCD00A59A2B /* ActionButtonStyle.swift in Sources */,
				F1E583722CC416E800A59A2B /* ExampleView+Getter.swift in Sources */,
				F1E583802CC4284800A59A2B /* SideBarList.swift in Sources */,
				F13FE4CA2CC469290039CC7B /* SideBarModel.swift in Sources */,
				F1E583612CC416E800A59A2B /* DetailView+Content.swift in Sources */,
				F1E583662CC416E800A59A2B /* MainView.swift in Sources */,
				F1E5835F2CC416E800A59A2B /* DetailHeader+Content.swift in Sources */,
				F1E583692CC416E800A59A2B /* ListButtonStyle.swift in Sources */,
				F1E583822CC4294100A59A2B /* SideBarList+Content.swift in Sources */,
				F1E5836B2CC416E800A59A2B /* SideBarHeader+Content.swift in Sources */,
				F1E583642CC416E800A59A2B /* MainHeader+Preview.swift in Sources */,
				F1E583632CC416E800A59A2B /* MainHeader+Content.swift in Sources */,
				F1E583602CC416E800A59A2B /* DetailView.swift in Sources */,
				F1E583852CC42DED00A59A2B /* DetailList.swift in Sources */,
				F1E5835E2CC416E800A59A2B /* DetailHeader.swift in Sources */,
				F1E5836C2CC416E800A59A2B /* SideBarHeader+Preview.swift in Sources */,
				F13FE4CF2CC46CED0039CC7B /* SideBarModel+Getter.swift in Sources */,
				F1E583702CC416E800A59A2B /* ExampleView.swift in Sources */,
				F1E5836E2CC416E800A59A2B /* SideBarView+Content.swift in Sources */,
				F1E583622CC416E800A59A2B /* MainHeader.swift in Sources */,
				F1E5837B2CC4240200A59A2B /* MainList.swift in Sources */,
				F1E5836F2CC416E800A59A2B /* SideBarView+Preview.swift in Sources */,
				F1E5836D2CC416E800A59A2B /* SideBarView.swift in Sources */,
				F14DAD1E2CBD7C6300B6F3FD /* ExampleProjectApp.swift in Sources */,
				F1E5835D2CC416E800A59A2B /* DataModel+Hashable.swift in Sources */,
				F1E5835C2CC416E800A59A2B /* DataModel+Getter.swift in Sources */,
				F1E583732CC416E800A59A2B /* ExampleView+Preview.swift in Sources */,
				F1E5835A2CC416E800A59A2B /* DataModel.swift in Sources */,
				F1E583672CC416E800A59A2B /* MainView+Content.swift in Sources */,
				F1E5836A2CC416E800A59A2B /* SideBarHeader.swift in Sources */,
				F1E583682CC416E800A59A2B /* MainView+Preview.swift in Sources */,
				F13FE4D12CC46EAA0039CC7B /* SideBarModel+Const.swift in Sources */,
				F13FE4CC2CC4694F0039CC7B /* MainModel.swift in Sources */,
				F1E583712CC416E800A59A2B /* ExampleView+Content.swift in Sources */,
				F1E5837D2CC4264800A59A2B /* MainList+Content.swift in Sources */,
				F1E583782CC4215000A59A2B /* TitleTextStyle.swift in Sources */,
			);
			runOnlyForDeploymentPostprocessing = 0;
		};
/* End PBXSourcesBuildPhase section */

/* Begin XCBuildConfiguration section */
		F14DAD262CBD7C6400B6F3FD /* Debug */ = {
			isa = XCBuildConfiguration;
			buildSettings = {
				ALWAYS_SEARCH_USER_PATHS = NO;
				ASSETCATALOG_COMPILER_GENERATE_SWIFT_ASSET_SYMBOL_EXTENSIONS = YES;
				CLANG_ANALYZER_NONNULL = YES;
				CLANG_ANALYZER_NUMBER_OBJECT_CONVERSION = YES_AGGRESSIVE;
				CLANG_CXX_LANGUAGE_STANDARD = "gnu++20";
				CLANG_ENABLE_MODULES = YES;
				CLANG_ENABLE_OBJC_ARC = YES;
				CLANG_ENABLE_OBJC_WEAK = YES;
				CLANG_WARN_BLOCK_CAPTURE_AUTORELEASING = YES;
				CLANG_WARN_BOOL_CONVERSION = YES;
				CLANG_WARN_COMMA = YES;
				CLANG_WARN_CONSTANT_CONVERSION = YES;
				CLANG_WARN_DEPRECATED_OBJC_IMPLEMENTATIONS = YES;
				CLANG_WARN_DIRECT_OBJC_ISA_USAGE = YES_ERROR;
				CLANG_WARN_DOCUMENTATION_COMMENTS = YES;
				CLANG_WARN_EMPTY_BODY = YES;
				CLANG_WARN_ENUM_CONVERSION = YES;
				CLANG_WARN_INFINITE_RECURSION = YES;
				CLANG_WARN_INT_CONVERSION = YES;
				CLANG_WARN_NON_LITERAL_NULL_CONVERSION = YES;
				CLANG_WARN_OBJC_IMPLICIT_RETAIN_SELF = YES;
				CLANG_WARN_OBJC_LITERAL_CONVERSION = YES;
				CLANG_WARN_OBJC_ROOT_CLASS = YES_ERROR;
				CLANG_WARN_QUOTED_INCLUDE_IN_FRAMEWORK_HEADER = YES;
				CLANG_WARN_RANGE_LOOP_ANALYSIS = YES;
				CLANG_WARN_STRICT_PROTOTYPES = YES;
				CLANG_WARN_SUSPICIOUS_MOVE = YES;
				CLANG_WARN_UNGUARDED_AVAILABILITY = YES_AGGRESSIVE;
				CLANG_WARN_UNREACHABLE_CODE = YES;
				CLANG_WARN__DUPLICATE_METHOD_MATCH = YES;
				COPY_PHASE_STRIP = NO;
				DEBUG_INFORMATION_FORMAT = dwarf;
				ENABLE_STRICT_OBJC_MSGSEND = YES;
				ENABLE_TESTABILITY = YES;
				ENABLE_USER_SCRIPT_SANDBOXING = YES;
				GCC_C_LANGUAGE_STANDARD = gnu17;
				GCC_DYNAMIC_NO_PIC = NO;
				GCC_NO_COMMON_BLOCKS = YES;
				GCC_OPTIMIZATION_LEVEL = 0;
				GCC_PREPROCESSOR_DEFINITIONS = (
					"DEBUG=1",
					"$(inherited)",
				);
				GCC_WARN_64_TO_32_BIT_CONVERSION = YES;
				GCC_WARN_ABOUT_RETURN_TYPE = YES_ERROR;
				GCC_WARN_UNDECLARED_SELECTOR = YES;
				GCC_WARN_UNINITIALIZED_AUTOS = YES_AGGRESSIVE;
				GCC_WARN_UNUSED_FUNCTION = YES;
				GCC_WARN_UNUSED_VARIABLE = YES;
				IPHONEOS_DEPLOYMENT_TARGET = 17.5;
				LOCALIZATION_PREFERS_STRING_CATALOGS = YES;
				MTL_ENABLE_DEBUG_INFO = INCLUDE_SOURCE;
				MTL_FAST_MATH = YES;
				ONLY_ACTIVE_ARCH = YES;
				SDKROOT = iphoneos;
				SWIFT_ACTIVE_COMPILATION_CONDITIONS = "DEBUG $(inherited)";
				SWIFT_OPTIMIZATION_LEVEL = "-Onone";
			};
			name = Debug;
		};
		F14DAD272CBD7C6400B6F3FD /* Release */ = {
			isa = XCBuildConfiguration;
			buildSettings = {
				ALWAYS_SEARCH_USER_PATHS = NO;
				ASSETCATALOG_COMPILER_GENERATE_SWIFT_ASSET_SYMBOL_EXTENSIONS = YES;
				CLANG_ANALYZER_NONNULL = YES;
				CLANG_ANALYZER_NUMBER_OBJECT_CONVERSION = YES_AGGRESSIVE;
				CLANG_CXX_LANGUAGE_STANDARD = "gnu++20";
				CLANG_ENABLE_MODULES = YES;
				CLANG_ENABLE_OBJC_ARC = YES;
				CLANG_ENABLE_OBJC_WEAK = YES;
				CLANG_WARN_BLOCK_CAPTURE_AUTORELEASING = YES;
				CLANG_WARN_BOOL_CONVERSION = YES;
				CLANG_WARN_COMMA = YES;
				CLANG_WARN_CONSTANT_CONVERSION = YES;
				CLANG_WARN_DEPRECATED_OBJC_IMPLEMENTATIONS = YES;
				CLANG_WARN_DIRECT_OBJC_ISA_USAGE = YES_ERROR;
				CLANG_WARN_DOCUMENTATION_COMMENTS = YES;
				CLANG_WARN_EMPTY_BODY = YES;
				CLANG_WARN_ENUM_CONVERSION = YES;
				CLANG_WARN_INFINITE_RECURSION = YES;
				CLANG_WARN_INT_CONVERSION = YES;
				CLANG_WARN_NON_LITERAL_NULL_CONVERSION = YES;
				CLANG_WARN_OBJC_IMPLICIT_RETAIN_SELF = YES;
				CLANG_WARN_OBJC_LITERAL_CONVERSION = YES;
				CLANG_WARN_OBJC_ROOT_CLASS = YES_ERROR;
				CLANG_WARN_QUOTED_INCLUDE_IN_FRAMEWORK_HEADER = YES;
				CLANG_WARN_RANGE_LOOP_ANALYSIS = YES;
				CLANG_WARN_STRICT_PROTOTYPES = YES;
				CLANG_WARN_SUSPICIOUS_MOVE = YES;
				CLANG_WARN_UNGUARDED_AVAILABILITY = YES_AGGRESSIVE;
				CLANG_WARN_UNREACHABLE_CODE = YES;
				CLANG_WARN__DUPLICATE_METHOD_MATCH = YES;
				COPY_PHASE_STRIP = NO;
				DEBUG_INFORMATION_FORMAT = "dwarf-with-dsym";
				ENABLE_NS_ASSERTIONS = NO;
				ENABLE_STRICT_OBJC_MSGSEND = YES;
				ENABLE_USER_SCRIPT_SANDBOXING = YES;
				GCC_C_LANGUAGE_STANDARD = gnu17;
				GCC_NO_COMMON_BLOCKS = YES;
				GCC_WARN_64_TO_32_BIT_CONVERSION = YES;
				GCC_WARN_ABOUT_RETURN_TYPE = YES_ERROR;
				GCC_WARN_UNDECLARED_SELECTOR = YES;
				GCC_WARN_UNINITIALIZED_AUTOS = YES_AGGRESSIVE;
				GCC_WARN_UNUSED_FUNCTION = YES;
				GCC_WARN_UNUSED_VARIABLE = YES;
				IPHONEOS_DEPLOYMENT_TARGET = 17.5;
				LOCALIZATION_PREFERS_STRING_CATALOGS = YES;
				MTL_ENABLE_DEBUG_INFO = NO;
				MTL_FAST_MATH = YES;
				SDKROOT = iphoneos;
				SWIFT_COMPILATION_MODE = wholemodule;
				VALIDATE_PRODUCT = YES;
			};
			name = Release;
		};
		F14DAD292CBD7C6400B6F3FD /* Debug */ = {
			isa = XCBuildConfiguration;
			buildSettings = {
				ASSETCATALOG_COMPILER_APPICON_NAME = AppIcon;
				ASSETCATALOG_COMPILER_GLOBAL_ACCENT_COLOR_NAME = AccentColor;
				CODE_SIGN_STYLE = Automatic;
				CURRENT_PROJECT_VERSION = 1;
				DEVELOPMENT_ASSET_PATHS = "\"ExampleProject/Preview Content\"";
				DEVELOPMENT_TEAM = 4NY32866K4;
				ENABLE_PREVIEWS = YES;
				GENERATE_INFOPLIST_FILE = YES;
				INFOPLIST_FILE = ExampleProject/Info.plist;
				INFOPLIST_KEY_UIApplicationSceneManifest_Generation = YES;
				INFOPLIST_KEY_UIApplicationSupportsIndirectInputEvents = YES;
				INFOPLIST_KEY_UILaunchScreen_Generation = YES;
				INFOPLIST_KEY_UISupportedInterfaceOrientations_iPad = "UIInterfaceOrientationPortrait UIInterfaceOrientationPortraitUpsideDown UIInterfaceOrientationLandscapeLeft UIInterfaceOrientationLandscapeRight";
				INFOPLIST_KEY_UISupportedInterfaceOrientations_iPhone = "UIInterfaceOrientationPortrait UIInterfaceOrientationLandscapeLeft UIInterfaceOrientationLandscapeRight";
				LD_RUNPATH_SEARCH_PATHS = (
					"$(inherited)",
					"@executable_path/Frameworks",
				);
				MARKETING_VERSION = 1.0;
				PRODUCT_BUNDLE_IDENTIFIER = codes.eon.ExampleProject;
				PRODUCT_NAME = "$(TARGET_NAME)";
				SWIFT_EMIT_LOC_STRINGS = YES;
				SWIFT_VERSION = 5.0;
				TARGETED_DEVICE_FAMILY = "1,2";
			};
			name = Debug;
		};
		F14DAD2A2CBD7C6400B6F3FD /* Release */ = {
			isa = XCBuildConfiguration;
			buildSettings = {
				ASSETCATALOG_COMPILER_APPICON_NAME = AppIcon;
				ASSETCATALOG_COMPILER_GLOBAL_ACCENT_COLOR_NAME = AccentColor;
				CODE_SIGN_STYLE = Automatic;
				CURRENT_PROJECT_VERSION = 1;
				DEVELOPMENT_ASSET_PATHS = "\"ExampleProject/Preview Content\"";
				DEVELOPMENT_TEAM = 4NY32866K4;
				ENABLE_PREVIEWS = YES;
				GENERATE_INFOPLIST_FILE = YES;
				INFOPLIST_FILE = ExampleProject/Info.plist;
				INFOPLIST_KEY_UIApplicationSceneManifest_Generation = YES;
				INFOPLIST_KEY_UIApplicationSupportsIndirectInputEvents = YES;
				INFOPLIST_KEY_UILaunchScreen_Generation = YES;
				INFOPLIST_KEY_UISupportedInterfaceOrientations_iPad = "UIInterfaceOrientationPortrait UIInterfaceOrientationPortraitUpsideDown UIInterfaceOrientationLandscapeLeft UIInterfaceOrientationLandscapeRight";
				INFOPLIST_KEY_UISupportedInterfaceOrientations_iPhone = "UIInterfaceOrientationPortrait UIInterfaceOrientationLandscapeLeft UIInterfaceOrientationLandscapeRight";
				LD_RUNPATH_SEARCH_PATHS = (
					"$(inherited)",
					"@executable_path/Frameworks",
				);
				MARKETING_VERSION = 1.0;
				PRODUCT_BUNDLE_IDENTIFIER = codes.eon.ExampleProject;
				PRODUCT_NAME = "$(TARGET_NAME)";
				SWIFT_EMIT_LOC_STRINGS = YES;
				SWIFT_VERSION = 5.0;
				TARGETED_DEVICE_FAMILY = "1,2";
			};
			name = Release;
		};
/* End XCBuildConfiguration section */

/* Begin XCConfigurationList section */
		F14DAD152CBD7C6300B6F3FD /* Build configuration list for PBXProject "ExampleProject" */ = {
			isa = XCConfigurationList;
			buildConfigurations = (
				F14DAD262CBD7C6400B6F3FD /* Debug */,
				F14DAD272CBD7C6400B6F3FD /* Release */,
			);
			defaultConfigurationIsVisible = 0;
			defaultConfigurationName = Release;
		};
		F14DAD282CBD7C6400B6F3FD /* Build configuration list for PBXNativeTarget "ExampleProject" */ = {
			isa = XCConfigurationList;
			buildConfigurations = (
				F14DAD292CBD7C6400B6F3FD /* Debug */,
				F14DAD2A2CBD7C6400B6F3FD /* Release */,
			);
			defaultConfigurationIsVisible = 0;
			defaultConfigurationName = Release;
		};
/* End XCConfigurationList section */

/* Begin XCRemoteSwiftPackageReference section */
		F1E583322CC4149E00A59A2B /* XCRemoteSwiftPackageReference "SplitViewKit" */ = {
			isa = XCRemoteSwiftPackageReference;
			repositoryURL = "https://github.com/sentryco/SplitViewKit";
			requirement = {
				branch = main;
				kind = branch;
			};
		};
/* End XCRemoteSwiftPackageReference section */

/* Begin XCSwiftPackageProductDependency section */
		F1E583332CC4149E00A59A2B /* SplitViewKit */ = {
			isa = XCSwiftPackageProductDependency;
			package = F1E583322CC4149E00A59A2B /* XCRemoteSwiftPackageReference "SplitViewKit" */;
			productName = SplitViewKit;
		};
/* End XCSwiftPackageProductDependency section */
	};
	rootObject = F14DAD122CBD7C6300B6F3FD /* Project object */;
}
